// !$*UTF8*$!
{
	archiveVersion = 1;
	classes = {
	};
	objectVersion = 56;
	objects = {

/* Begin PBXBuildFile section */
		602EC17E2C18D1A700668682 /* NutriGoApp.swift in Sources */ = {isa = PBXBuildFile; fileRef = 602EC17D2C18D1A700668682 /* NutriGoApp.swift */; };
		602EC1802C18D1A700668682 /* ContentView.swift in Sources */ = {isa = PBXBuildFile; fileRef = 602EC17F2C18D1A700668682 /* ContentView.swift */; };
		602EC1842C18D1A800668682 /* Assets.xcassets in Resources */ = {isa = PBXBuildFile; fileRef = 602EC1832C18D1A800668682 /* Assets.xcassets */; };
		602EC1872C18D1A800668682 /* Preview Assets.xcassets in Resources */ = {isa = PBXBuildFile; fileRef = 602EC1862C18D1A800668682 /* Preview Assets.xcassets */; };
		60D406772C1911B900ED68F3 /* Localizable.xcstrings in Resources */ = {isa = PBXBuildFile; fileRef = 60D406762C1911B900ED68F3 /* Localizable.xcstrings */; };
		60D4067C2C1913EC00ED68F3 /* StringExtensions.swift in Sources */ = {isa = PBXBuildFile; fileRef = 60D4067B2C1913EC00ED68F3 /* StringExtensions.swift */; };
		60D4068A2C191F2900ED68F3 /* LoginViewModel.swift in Sources */ = {isa = PBXBuildFile; fileRef = 60D406892C191F2900ED68F3 /* LoginViewModel.swift */; };
		60D4068C2C191F5B00ED68F3 /* LoginScreenView.swift in Sources */ = {isa = PBXBuildFile; fileRef = 60D4068B2C191F5B00ED68F3 /* LoginScreenView.swift */; };
		60D4068E2C1923AE00ED68F3 /* IconTextField.swift in Sources */ = {isa = PBXBuildFile; fileRef = 60D4068D2C1923AE00ED68F3 /* IconTextField.swift */; };
		60D406902C1925DB00ED68F3 /* LoginRequest.swift in Sources */ = {isa = PBXBuildFile; fileRef = 60D4068F2C1925DB00ED68F3 /* LoginRequest.swift */; };
		60D406922C19269200ED68F3 /* LoginResponse.swift in Sources */ = {isa = PBXBuildFile; fileRef = 60D406912C19269200ED68F3 /* LoginResponse.swift */; };
		60D406942C1927A100ED68F3 /* LoginAction.swift in Sources */ = {isa = PBXBuildFile; fileRef = 60D406932C1927A100ED68F3 /* LoginAction.swift */; };
		60D406972C1928C300ED68F3 /* AppConstants.swift in Sources */ = {isa = PBXBuildFile; fileRef = 60D406962C1928C300ED68F3 /* AppConstants.swift */; };
		60D4069D2C19336F00ED68F3 /* HomeView.swift in Sources */ = {isa = PBXBuildFile; fileRef = 60D4069C2C19336F00ED68F3 /* HomeView.swift */; };
		FB16AE309CB90520F28E1D93 /* Pods_NutriGo.framework in Frameworks */ = {isa = PBXBuildFile; fileRef = 2744DC7712E88A63CDB105F6 /* Pods_NutriGo.framework */; };
/* End PBXBuildFile section */

/* Begin PBXFileReference section */
		2744DC7712E88A63CDB105F6 /* Pods_NutriGo.framework */ = {isa = PBXFileReference; explicitFileType = wrapper.framework; includeInIndex = 0; path = Pods_NutriGo.framework; sourceTree = BUILT_PRODUCTS_DIR; };
		602EC17A2C18D1A700668682 /* NutriGo.app */ = {isa = PBXFileReference; explicitFileType = wrapper.application; includeInIndex = 0; path = NutriGo.app; sourceTree = BUILT_PRODUCTS_DIR; };
		602EC17D2C18D1A700668682 /* NutriGoApp.swift */ = {isa = PBXFileReference; lastKnownFileType = sourcecode.swift; path = NutriGoApp.swift; sourceTree = "<group>"; };
		602EC17F2C18D1A700668682 /* ContentView.swift */ = {isa = PBXFileReference; lastKnownFileType = sourcecode.swift; path = ContentView.swift; sourceTree = "<group>"; };
		602EC1832C18D1A800668682 /* Assets.xcassets */ = {isa = PBXFileReference; lastKnownFileType = folder.assetcatalog; path = Assets.xcassets; sourceTree = "<group>"; };
		602EC1862C18D1A800668682 /* Preview Assets.xcassets */ = {isa = PBXFileReference; lastKnownFileType = folder.assetcatalog; path = "Preview Assets.xcassets"; sourceTree = "<group>"; };
		60D406762C1911B900ED68F3 /* Localizable.xcstrings */ = {isa = PBXFileReference; lastKnownFileType = text.json.xcstrings; path = Localizable.xcstrings; sourceTree = "<group>"; };
		60D4067B2C1913EC00ED68F3 /* StringExtensions.swift */ = {isa = PBXFileReference; lastKnownFileType = sourcecode.swift; path = StringExtensions.swift; sourceTree = "<group>"; };
		60D406892C191F2900ED68F3 /* LoginViewModel.swift */ = {isa = PBXFileReference; lastKnownFileType = sourcecode.swift; path = LoginViewModel.swift; sourceTree = "<group>"; };
		60D4068B2C191F5B00ED68F3 /* LoginScreenView.swift */ = {isa = PBXFileReference; lastKnownFileType = sourcecode.swift; path = LoginScreenView.swift; sourceTree = "<group>"; };
		60D4068D2C1923AE00ED68F3 /* IconTextField.swift */ = {isa = PBXFileReference; lastKnownFileType = sourcecode.swift; path = IconTextField.swift; sourceTree = "<group>"; };
		60D4068F2C1925DB00ED68F3 /* LoginRequest.swift */ = {isa = PBXFileReference; lastKnownFileType = sourcecode.swift; path = LoginRequest.swift; sourceTree = "<group>"; };
		60D406912C19269200ED68F3 /* LoginResponse.swift */ = {isa = PBXFileReference; lastKnownFileType = sourcecode.swift; path = LoginResponse.swift; sourceTree = "<group>"; };
		60D406932C1927A100ED68F3 /* LoginAction.swift */ = {isa = PBXFileReference; lastKnownFileType = sourcecode.swift; path = LoginAction.swift; sourceTree = "<group>"; };
		60D406962C1928C300ED68F3 /* AppConstants.swift */ = {isa = PBXFileReference; lastKnownFileType = sourcecode.swift; path = AppConstants.swift; sourceTree = "<group>"; };
		60D4069C2C19336F00ED68F3 /* HomeView.swift */ = {isa = PBXFileReference; lastKnownFileType = sourcecode.swift; path = HomeView.swift; sourceTree = "<group>"; };
		9130DFB2FD5B33F54F69623C /* Pods-NutriGo.release.xcconfig */ = {isa = PBXFileReference; includeInIndex = 1; lastKnownFileType = text.xcconfig; name = "Pods-NutriGo.release.xcconfig"; path = "Target Support Files/Pods-NutriGo/Pods-NutriGo.release.xcconfig"; sourceTree = "<group>"; };
		A0E839C16BB0F6B8FD24CBAB /* Pods-NutriGo.debug.xcconfig */ = {isa = PBXFileReference; includeInIndex = 1; lastKnownFileType = text.xcconfig; name = "Pods-NutriGo.debug.xcconfig"; path = "Target Support Files/Pods-NutriGo/Pods-NutriGo.debug.xcconfig"; sourceTree = "<group>"; };
/* End PBXFileReference section */

/* Begin PBXFrameworksBuildPhase section */
		602EC1772C18D1A700668682 /* Frameworks */ = {
			isa = PBXFrameworksBuildPhase;
			buildActionMask = 2147483647;
			files = (
				FB16AE309CB90520F28E1D93 /* Pods_NutriGo.framework in Frameworks */,
			);
			runOnlyForDeploymentPostprocessing = 0;
		};
/* End PBXFrameworksBuildPhase section */

/* Begin PBXGroup section */
		081FA2259B073ECE7579157B /* Pods */ = {
			isa = PBXGroup;
			children = (
				A0E839C16BB0F6B8FD24CBAB /* Pods-NutriGo.debug.xcconfig */,
				9130DFB2FD5B33F54F69623C /* Pods-NutriGo.release.xcconfig */,
			);
			path = Pods;
			sourceTree = "<group>";
		};
		602EC1712C18D1A700668682 = {
			isa = PBXGroup;
			children = (
				602EC17C2C18D1A700668682 /* NutriGo */,
				60D406882C19195400ED68F3 /* Tests */,
				602EC17B2C18D1A700668682 /* Products */,
				081FA2259B073ECE7579157B /* Pods */,
				EB6231FF3E138CD1541E368D /* Frameworks */,
			);
			sourceTree = "<group>";
		};
		602EC17B2C18D1A700668682 /* Products */ = {
			isa = PBXGroup;
			children = (
				602EC17A2C18D1A700668682 /* NutriGo.app */,
			);
			name = Products;
			sourceTree = "<group>";
		};
		602EC17C2C18D1A700668682 /* NutriGo */ = {
			isa = PBXGroup;
			children = (
				60D406782C1913B200ED68F3 /* Code */,
				60D406862C19191900ED68F3 /* Config */,
				60D406872C19192000ED68F3 /* Resources */,
				602EC1852C18D1A800668682 /* Preview Content */,
				60D406742C19112500ED68F3 /* SupportingFiles */,
				602EC1832C18D1A800668682 /* Assets.xcassets */,
			);
			path = NutriGo;
			sourceTree = "<group>";
		};
		602EC1852C18D1A800668682 /* Preview Content */ = {
			isa = PBXGroup;
			children = (
				602EC1862C18D1A800668682 /* Preview Assets.xcassets */,
			);
			path = "Preview Content";
			sourceTree = "<group>";
		};
		60D406742C19112500ED68F3 /* SupportingFiles */ = {
			isa = PBXGroup;
			children = (
				60D406752C19113800ED68F3 /* Localization */,
				602EC17D2C18D1A700668682 /* NutriGoApp.swift */,
				602EC17F2C18D1A700668682 /* ContentView.swift */,
			);
			path = SupportingFiles;
			sourceTree = "<group>";
		};
		60D406752C19113800ED68F3 /* Localization */ = {
			isa = PBXGroup;
			children = (
				60D406762C1911B900ED68F3 /* Localizable.xcstrings */,
			);
			path = Localization;
			sourceTree = "<group>";
		};
		60D406782C1913B200ED68F3 /* Code */ = {
			isa = PBXGroup;
			children = (
				60D406792C1913CE00ED68F3 /* Utils */,
				60D406852C1918F100ED68F3 /* Features */,
			);
			path = Code;
			sourceTree = "<group>";
		};
		60D406792C1913CE00ED68F3 /* Utils */ = {
			isa = PBXGroup;
			children = (
				60D406952C1928B100ED68F3 /* Constants */,
				60D4067A2C1913DC00ED68F3 /* Extensions */,
			);
			path = Utils;
			sourceTree = "<group>";
		};
		60D4067A2C1913DC00ED68F3 /* Extensions */ = {
			isa = PBXGroup;
			children = (
				60D4067B2C1913EC00ED68F3 /* StringExtensions.swift */,
			);
			path = Extensions;
			sourceTree = "<group>";
		};
		60D4067D2C1917B400ED68F3 /* Home */ = {
			isa = PBXGroup;
			children = (
				60D4069B2C19336300ED68F3 /* Screens */,
				60D4069A2C19335800ED68F3 /* Views */,
			);
			path = Home;
			sourceTree = "<group>";
		};
		60D4067E2C1917BA00ED68F3 /* Login */ = {
			isa = PBXGroup;
			children = (
				60D406842C19184000ED68F3 /* Actions */,
				60D406832C19182A00ED68F3 /* Screens */,
				60D406822C19181A00ED68F3 /* ViewModels */,
				60D406812C19181200ED68F3 /* Views */,
				60D406802C19180C00ED68F3 /* Models */,
			);
			path = Login;
			sourceTree = "<group>";
		};
		60D4067F2C1917BF00ED68F3 /* Settings */ = {
			isa = PBXGroup;
			children = (
			);
			path = Settings;
			sourceTree = "<group>";
		};
		60D406802C19180C00ED68F3 /* Models */ = {
			isa = PBXGroup;
			children = (
				60D4068F2C1925DB00ED68F3 /* LoginRequest.swift */,
				60D406912C19269200ED68F3 /* LoginResponse.swift */,
			);
			path = Models;
			sourceTree = "<group>";
		};
		60D406812C19181200ED68F3 /* Views */ = {
			isa = PBXGroup;
			children = (
				60D4068D2C1923AE00ED68F3 /* IconTextField.swift */,
			);
			path = Views;
			sourceTree = "<group>";
		};
		60D406822C19181A00ED68F3 /* ViewModels */ = {
			isa = PBXGroup;
			children = (
				60D406892C191F2900ED68F3 /* LoginViewModel.swift */,
			);
			path = ViewModels;
			sourceTree = "<group>";
		};
		60D406832C19182A00ED68F3 /* Screens */ = {
			isa = PBXGroup;
			children = (
				60D4068B2C191F5B00ED68F3 /* LoginScreenView.swift */,
			);
			path = Screens;
			sourceTree = "<group>";
		};
		60D406842C19184000ED68F3 /* Actions */ = {
			isa = PBXGroup;
			children = (
				60D406932C1927A100ED68F3 /* LoginAction.swift */,
			);
			path = Actions;
			sourceTree = "<group>";
		};
		60D406852C1918F100ED68F3 /* Features */ = {
			isa = PBXGroup;
			children = (
				60D4067F2C1917BF00ED68F3 /* Settings */,
				60D4067E2C1917BA00ED68F3 /* Login */,
				60D4067D2C1917B400ED68F3 /* Home */,
			);
			path = Features;
			sourceTree = "<group>";
		};
		60D406862C19191900ED68F3 /* Config */ = {
			isa = PBXGroup;
			children = (
			);
			path = Config;
			sourceTree = "<group>";
		};
		60D406872C19192000ED68F3 /* Resources */ = {
			isa = PBXGroup;
			children = (
			);
			path = Resources;
			sourceTree = "<group>";
		};
		60D406882C19195400ED68F3 /* Tests */ = {
			isa = PBXGroup;
			children = (
			);
			path = Tests;
			sourceTree = "<group>";
		};
		60D406952C1928B100ED68F3 /* Constants */ = {
			isa = PBXGroup;
			children = (
				60D406962C1928C300ED68F3 /* AppConstants.swift */,
			);
			path = Constants;
			sourceTree = "<group>";
		};
		60D4069A2C19335800ED68F3 /* Views */ = {
			isa = PBXGroup;
			children = (
			);
			path = Views;
			sourceTree = "<group>";
		};
		60D4069B2C19336300ED68F3 /* Screens */ = {
			isa = PBXGroup;
			children = (
				60D4069C2C19336F00ED68F3 /* HomeView.swift */,
			);
			path = Screens;
			sourceTree = "<group>";
		};
		EB6231FF3E138CD1541E368D /* Frameworks */ = {
			isa = PBXGroup;
			children = (
				2744DC7712E88A63CDB105F6 /* Pods_NutriGo.framework */,
			);
			name = Frameworks;
			sourceTree = "<group>";
		};
/* End PBXGroup section */

/* Begin PBXNativeTarget section */
		602EC1792C18D1A700668682 /* NutriGo */ = {
			isa = PBXNativeTarget;
			buildConfigurationList = 602EC18A2C18D1A800668682 /* Build configuration list for PBXNativeTarget "NutriGo" */;
			buildPhases = (
				DAE698A6BCD0386706F42E3F /* [CP] Check Pods Manifest.lock */,
				602EC1762C18D1A700668682 /* Sources */,
				602EC1772C18D1A700668682 /* Frameworks */,
				602EC1782C18D1A700668682 /* Resources */,
				602EC18E2C18D86D00668682 /* SwiftLint */,
			);
			buildRules = (
			);
			dependencies = (
			);
			name = NutriGo;
			productName = NutriGo;
			productReference = 602EC17A2C18D1A700668682 /* NutriGo.app */;
			productType = "com.apple.product-type.application";
		};
/* End PBXNativeTarget section */

/* Begin PBXProject section */
		602EC1722C18D1A700668682 /* Project object */ = {
			isa = PBXProject;
			attributes = {
				BuildIndependentTargetsInParallel = 1;
				LastSwiftUpdateCheck = 1540;
				LastUpgradeCheck = 1540;
				TargetAttributes = {
					602EC1792C18D1A700668682 = {
						CreatedOnToolsVersion = 15.4;
					};
				};
			};
			buildConfigurationList = 602EC1752C18D1A700668682 /* Build configuration list for PBXProject "NutriGo" */;
			compatibilityVersion = "Xcode 14.0";
			developmentRegion = "es-419";
			hasScannedForEncodings = 0;
			knownRegions = (
				en,
				Base,
				"es-419",
			);
			mainGroup = 602EC1712C18D1A700668682;
			productRefGroup = 602EC17B2C18D1A700668682 /* Products */;
			projectDirPath = "";
			projectRoot = "";
			targets = (
				602EC1792C18D1A700668682 /* NutriGo */,
			);
		};
/* End PBXProject section */

/* Begin PBXResourcesBuildPhase section */
		602EC1782C18D1A700668682 /* Resources */ = {
			isa = PBXResourcesBuildPhase;
			buildActionMask = 2147483647;
			files = (
				602EC1872C18D1A800668682 /* Preview Assets.xcassets in Resources */,
				602EC1842C18D1A800668682 /* Assets.xcassets in Resources */,
				60D406772C1911B900ED68F3 /* Localizable.xcstrings in Resources */,
			);
			runOnlyForDeploymentPostprocessing = 0;
		};
/* End PBXResourcesBuildPhase section */

/* Begin PBXShellScriptBuildPhase section */
		602EC18E2C18D86D00668682 /* SwiftLint */ = {
			isa = PBXShellScriptBuildPhase;
			buildActionMask = 2147483647;
			files = (
			);
			inputFileListPaths = (
			);
			inputPaths = (
			);
			name = SwiftLint;
			outputFileListPaths = (
			);
			outputPaths = (
			);
			runOnlyForDeploymentPostprocessing = 0;
			shellPath = /bin/sh;
			shellScript = "# Type a script or drag a script file from your workspace to insert its path.\n\"${PODS_ROOT}/SwiftLint/swiftlint\"\n";
		};
		DAE698A6BCD0386706F42E3F /* [CP] Check Pods Manifest.lock */ = {
			isa = PBXShellScriptBuildPhase;
			buildActionMask = 2147483647;
			files = (
			);
			inputFileListPaths = (
			);
			inputPaths = (
				"${PODS_PODFILE_DIR_PATH}/Podfile.lock",
				"${PODS_ROOT}/Manifest.lock",
			);
			name = "[CP] Check Pods Manifest.lock";
			outputFileListPaths = (
			);
			outputPaths = (
				"$(DERIVED_FILE_DIR)/Pods-NutriGo-checkManifestLockResult.txt",
			);
			runOnlyForDeploymentPostprocessing = 0;
			shellPath = /bin/sh;
			shellScript = "diff \"${PODS_PODFILE_DIR_PATH}/Podfile.lock\" \"${PODS_ROOT}/Manifest.lock\" > /dev/null\nif [ $? != 0 ] ; then\n    # print error to STDERR\n    echo \"error: The sandbox is not in sync with the Podfile.lock. Run 'pod install' or update your CocoaPods installation.\" >&2\n    exit 1\nfi\n# This output is used by Xcode 'outputs' to avoid re-running this script phase.\necho \"SUCCESS\" > \"${SCRIPT_OUTPUT_FILE_0}\"\n";
			showEnvVarsInLog = 0;
		};
/* End PBXShellScriptBuildPhase section */

/* Begin PBXSourcesBuildPhase section */
		602EC1762C18D1A700668682 /* Sources */ = {
			isa = PBXSourcesBuildPhase;
			buildActionMask = 2147483647;
			files = (
				60D4068A2C191F2900ED68F3 /* LoginViewModel.swift in Sources */,
				60D4067C2C1913EC00ED68F3 /* StringExtensions.swift in Sources */,
				60D406942C1927A100ED68F3 /* LoginAction.swift in Sources */,
				60D4068E2C1923AE00ED68F3 /* IconTextField.swift in Sources */,
				602EC1802C18D1A700668682 /* ContentView.swift in Sources */,
				602EC17E2C18D1A700668682 /* NutriGoApp.swift in Sources */,
				60D406902C1925DB00ED68F3 /* LoginRequest.swift in Sources */,
				60D406922C19269200ED68F3 /* LoginResponse.swift in Sources */,
				60D4069D2C19336F00ED68F3 /* HomeView.swift in Sources */,
				60D4068C2C191F5B00ED68F3 /* LoginScreenView.swift in Sources */,
				60D406972C1928C300ED68F3 /* AppConstants.swift in Sources */,
			);
			runOnlyForDeploymentPostprocessing = 0;
		};
/* End PBXSourcesBuildPhase section */

/* Begin XCBuildConfiguration section */
		602EC1882C18D1A800668682 /* Debug */ = {
			isa = XCBuildConfiguration;
			buildSettings = {
				ALWAYS_SEARCH_USER_PATHS = NO;
				ASSETCATALOG_COMPILER_GENERATE_SWIFT_ASSET_SYMBOL_EXTENSIONS = YES;
				CLANG_ANALYZER_NONNULL = YES;
				CLANG_ANALYZER_NUMBER_OBJECT_CONVERSION = YES_AGGRESSIVE;
				CLANG_CXX_LANGUAGE_STANDARD = "gnu++20";
				CLANG_ENABLE_MODULES = YES;
				CLANG_ENABLE_OBJC_ARC = YES;
				CLANG_ENABLE_OBJC_WEAK = YES;
				CLANG_WARN_BLOCK_CAPTURE_AUTORELEASING = YES;
				CLANG_WARN_BOOL_CONVERSION = YES;
				CLANG_WARN_COMMA = YES;
				CLANG_WARN_CONSTANT_CONVERSION = YES;
				CLANG_WARN_DEPRECATED_OBJC_IMPLEMENTATIONS = YES;
				CLANG_WARN_DIRECT_OBJC_ISA_USAGE = YES_ERROR;
				CLANG_WARN_DOCUMENTATION_COMMENTS = YES;
				CLANG_WARN_EMPTY_BODY = YES;
				CLANG_WARN_ENUM_CONVERSION = YES;
				CLANG_WARN_INFINITE_RECURSION = YES;
				CLANG_WARN_INT_CONVERSION = YES;
				CLANG_WARN_NON_LITERAL_NULL_CONVERSION = YES;
				CLANG_WARN_OBJC_IMPLICIT_RETAIN_SELF = YES;
				CLANG_WARN_OBJC_LITERAL_CONVERSION = YES;
				CLANG_WARN_OBJC_ROOT_CLASS = YES_ERROR;
				CLANG_WARN_QUOTED_INCLUDE_IN_FRAMEWORK_HEADER = YES;
				CLANG_WARN_RANGE_LOOP_ANALYSIS = YES;
				CLANG_WARN_STRICT_PROTOTYPES = YES;
				CLANG_WARN_SUSPICIOUS_MOVE = YES;
				CLANG_WARN_UNGUARDED_AVAILABILITY = YES_AGGRESSIVE;
				CLANG_WARN_UNREACHABLE_CODE = YES;
				CLANG_WARN__DUPLICATE_METHOD_MATCH = YES;
				COPY_PHASE_STRIP = NO;
				DEBUG_INFORMATION_FORMAT = dwarf;
				ENABLE_STRICT_OBJC_MSGSEND = YES;
				ENABLE_TESTABILITY = YES;
				ENABLE_USER_SCRIPT_SANDBOXING = YES;
				GCC_C_LANGUAGE_STANDARD = gnu17;
				GCC_DYNAMIC_NO_PIC = NO;
				GCC_NO_COMMON_BLOCKS = YES;
				GCC_OPTIMIZATION_LEVEL = 0;
				GCC_PREPROCESSOR_DEFINITIONS = (
					"DEBUG=1",
					"$(inherited)",
				);
				GCC_WARN_64_TO_32_BIT_CONVERSION = YES;
				GCC_WARN_ABOUT_RETURN_TYPE = YES_ERROR;
				GCC_WARN_UNDECLARED_SELECTOR = YES;
				GCC_WARN_UNINITIALIZED_AUTOS = YES_AGGRESSIVE;
				GCC_WARN_UNUSED_FUNCTION = YES;
				GCC_WARN_UNUSED_VARIABLE = YES;
				IPHONEOS_DEPLOYMENT_TARGET = 17.5;
				LOCALIZATION_PREFERS_STRING_CATALOGS = YES;
				MTL_ENABLE_DEBUG_INFO = INCLUDE_SOURCE;
				MTL_FAST_MATH = YES;
				ONLY_ACTIVE_ARCH = YES;
				SDKROOT = iphoneos;
				SWIFT_ACTIVE_COMPILATION_CONDITIONS = "DEBUG $(inherited)";
				SWIFT_OPTIMIZATION_LEVEL = "-Onone";
			};
			name = Debug;
		};
		602EC1892C18D1A800668682 /* Release */ = {
			isa = XCBuildConfiguration;
			buildSettings = {
				ALWAYS_SEARCH_USER_PATHS = NO;
				ASSETCATALOG_COMPILER_GENERATE_SWIFT_ASSET_SYMBOL_EXTENSIONS = YES;
				CLANG_ANALYZER_NONNULL = YES;
				CLANG_ANALYZER_NUMBER_OBJECT_CONVERSION = YES_AGGRESSIVE;
				CLANG_CXX_LANGUAGE_STANDARD = "gnu++20";
				CLANG_ENABLE_MODULES = YES;
				CLANG_ENABLE_OBJC_ARC = YES;
				CLANG_ENABLE_OBJC_WEAK = YES;
				CLANG_WARN_BLOCK_CAPTURE_AUTORELEASING = YES;
				CLANG_WARN_BOOL_CONVERSION = YES;
				CLANG_WARN_COMMA = YES;
				CLANG_WARN_CONSTANT_CONVERSION = YES;
				CLANG_WARN_DEPRECATED_OBJC_IMPLEMENTATIONS = YES;
				CLANG_WARN_DIRECT_OBJC_ISA_USAGE = YES_ERROR;
				CLANG_WARN_DOCUMENTATION_COMMENTS = YES;
				CLANG_WARN_EMPTY_BODY = YES;
				CLANG_WARN_ENUM_CONVERSION = YES;
				CLANG_WARN_INFINITE_RECURSION = YES;
				CLANG_WARN_INT_CONVERSION = YES;
				CLANG_WARN_NON_LITERAL_NULL_CONVERSION = YES;
				CLANG_WARN_OBJC_IMPLICIT_RETAIN_SELF = YES;
				CLANG_WARN_OBJC_LITERAL_CONVERSION = YES;
				CLANG_WARN_OBJC_ROOT_CLASS = YES_ERROR;
				CLANG_WARN_QUOTED_INCLUDE_IN_FRAMEWORK_HEADER = YES;
				CLANG_WARN_RANGE_LOOP_ANALYSIS = YES;
				CLANG_WARN_STRICT_PROTOTYPES = YES;
				CLANG_WARN_SUSPICIOUS_MOVE = YES;
				CLANG_WARN_UNGUARDED_AVAILABILITY = YES_AGGRESSIVE;
				CLANG_WARN_UNREACHABLE_CODE = YES;
				CLANG_WARN__DUPLICATE_METHOD_MATCH = YES;
				COPY_PHASE_STRIP = NO;
				DEBUG_INFORMATION_FORMAT = "dwarf-with-dsym";
				ENABLE_NS_ASSERTIONS = NO;
				ENABLE_STRICT_OBJC_MSGSEND = YES;
				ENABLE_USER_SCRIPT_SANDBOXING = YES;
				GCC_C_LANGUAGE_STANDARD = gnu17;
				GCC_NO_COMMON_BLOCKS = YES;
				GCC_WARN_64_TO_32_BIT_CONVERSION = YES;
				GCC_WARN_ABOUT_RETURN_TYPE = YES_ERROR;
				GCC_WARN_UNDECLARED_SELECTOR = YES;
				GCC_WARN_UNINITIALIZED_AUTOS = YES_AGGRESSIVE;
				GCC_WARN_UNUSED_FUNCTION = YES;
				GCC_WARN_UNUSED_VARIABLE = YES;
				IPHONEOS_DEPLOYMENT_TARGET = 17.5;
				LOCALIZATION_PREFERS_STRING_CATALOGS = YES;
				MTL_ENABLE_DEBUG_INFO = NO;
				MTL_FAST_MATH = YES;
				SDKROOT = iphoneos;
				SWIFT_COMPILATION_MODE = wholemodule;
				VALIDATE_PRODUCT = YES;
			};
			name = Release;
		};
		602EC18B2C18D1A800668682 /* Debug */ = {
			isa = XCBuildConfiguration;
			baseConfigurationReference = A0E839C16BB0F6B8FD24CBAB /* Pods-NutriGo.debug.xcconfig */;
			buildSettings = {
				ASSETCATALOG_COMPILER_APPICON_NAME = AppIcon;
				ASSETCATALOG_COMPILER_GLOBAL_ACCENT_COLOR_NAME = AccentColor;
				CODE_SIGN_STYLE = Automatic;
				CURRENT_PROJECT_VERSION = 1;
				DEVELOPMENT_ASSET_PATHS = "\"NutriGo/Preview Content\"";
				DEVELOPMENT_TEAM = FUPS87ZB5G;
				ENABLE_PREVIEWS = YES;
				ENABLE_USER_SCRIPT_SANDBOXING = NO;
				GENERATE_INFOPLIST_FILE = YES;
				INFOPLIST_KEY_UIApplicationSceneManifest_Generation = YES;
				INFOPLIST_KEY_UIApplicationSupportsIndirectInputEvents = YES;
				INFOPLIST_KEY_UILaunchScreen_Generation = YES;
				INFOPLIST_KEY_UISupportedInterfaceOrientations_iPad = "UIInterfaceOrientationPortrait UIInterfaceOrientationPortraitUpsideDown UIInterfaceOrientationLandscapeLeft UIInterfaceOrientationLandscapeRight";
				INFOPLIST_KEY_UISupportedInterfaceOrientations_iPhone = "UIInterfaceOrientationPortrait UIInterfaceOrientationLandscapeLeft UIInterfaceOrientationLandscapeRight";
				LD_RUNPATH_SEARCH_PATHS = (
					"$(inherited)",
					"@executable_path/Frameworks",
				);
				MARKETING_VERSION = 1.0;
				NEW_SETTING = "";
				PRODUCT_BUNDLE_IDENTIFIER = com.disolutionsmx.NutriGo;
				PRODUCT_NAME = "$(TARGET_NAME)";
				SWIFT_EMIT_LOC_STRINGS = YES;
				SWIFT_VERSION = 5.0;
				TARGETED_DEVICE_FAMILY = "1,2";
			};
			name = Debug;
		};
		602EC18C2C18D1A800668682 /* Release */ = {
			isa = XCBuildConfiguration;
			baseConfigurationReference = 9130DFB2FD5B33F54F69623C /* Pods-NutriGo.release.xcconfig */;
			buildSettings = {
				ASSETCATALOG_COMPILER_APPICON_NAME = AppIcon;
				ASSETCATALOG_COMPILER_GLOBAL_ACCENT_COLOR_NAME = AccentColor;
				CODE_SIGN_STYLE = Automatic;
				CURRENT_PROJECT_VERSION = 1;
				DEVELOPMENT_ASSET_PATHS = "\"NutriGo/Preview Content\"";
				DEVELOPMENT_TEAM = FUPS87ZB5G;
				ENABLE_PREVIEWS = YES;
				ENABLE_USER_SCRIPT_SANDBOXING = NO;
				GENERATE_INFOPLIST_FILE = YES;
				INFOPLIST_KEY_UIApplicationSceneManifest_Generation = YES;
				INFOPLIST_KEY_UIApplicationSupportsIndirectInputEvents = YES;
				INFOPLIST_KEY_UILaunchScreen_Generation = YES;
				INFOPLIST_KEY_UISupportedInterfaceOrientations_iPad = "UIInterfaceOrientationPortrait UIInterfaceOrientationPortraitUpsideDown UIInterfaceOrientationLandscapeLeft UIInterfaceOrientationLandscapeRight";
				INFOPLIST_KEY_UISupportedInterfaceOrientations_iPhone = "UIInterfaceOrientationPortrait UIInterfaceOrientationLandscapeLeft UIInterfaceOrientationLandscapeRight";
				LD_RUNPATH_SEARCH_PATHS = (
					"$(inherited)",
					"@executable_path/Frameworks",
				);
				MARKETING_VERSION = 1.0;
				NEW_SETTING = "";
				PRODUCT_BUNDLE_IDENTIFIER = com.disolutionsmx.NutriGo;
				PRODUCT_NAME = "$(TARGET_NAME)";
				SWIFT_EMIT_LOC_STRINGS = YES;
				SWIFT_VERSION = 5.0;
				TARGETED_DEVICE_FAMILY = "1,2";
			};
			name = Release;
		};
/* End XCBuildConfiguration section */

/* Begin XCConfigurationList section */
		602EC1752C18D1A700668682 /* Build configuration list for PBXProject "NutriGo" */ = {
			isa = XCConfigurationList;
			buildConfigurations = (
				602EC1882C18D1A800668682 /* Debug */,
				602EC1892C18D1A800668682 /* Release */,
			);
			defaultConfigurationIsVisible = 0;
			defaultConfigurationName = Release;
		};
		602EC18A2C18D1A800668682 /* Build configuration list for PBXNativeTarget "NutriGo" */ = {
			isa = XCConfigurationList;
			buildConfigurations = (
				602EC18B2C18D1A800668682 /* Debug */,
				602EC18C2C18D1A800668682 /* Release */,
			);
			defaultConfigurationIsVisible = 0;
			defaultConfigurationName = Release;
		};
/* End XCConfigurationList section */
	};
	rootObject = 602EC1722C18D1A700668682 /* Project object */;
}
